// !$*UTF8*$!
{
	archiveVersion = 1;
	classes = {
	};
	objectVersion = 46;
	objects = {

/* Begin PBXBuildFile section */
		C7182D351BD47D3400D7A9A1 /* FavoriteSongsViewController.swift in Sources */ = {isa = PBXBuildFile; fileRef = C7182D341BD47D3400D7A9A1 /* FavoriteSongsViewController.swift */; };
		C72012491BDDA03800DA3DD0 /* AVFoundation.framework in Frameworks */ = {isa = PBXBuildFile; fileRef = C72012481BDDA03800DA3DD0 /* AVFoundation.framework */; };
		C720124B1BDDA11200DA3DD0 /* RadioStream.swift in Sources */ = {isa = PBXBuildFile; fileRef = C720124A1BDDA11200DA3DD0 /* RadioStream.swift */; };
		C7DF872A1BD1A9ED00EBC0F0 /* AppDelegate.swift in Sources */ = {isa = PBXBuildFile; fileRef = C7DF87291BD1A9ED00EBC0F0 /* AppDelegate.swift */; };
		C7DF872C1BD1A9ED00EBC0F0 /* ViewController.swift in Sources */ = {isa = PBXBuildFile; fileRef = C7DF872B1BD1A9ED00EBC0F0 /* ViewController.swift */; };
		C7DF872F1BD1A9ED00EBC0F0 /* Main.storyboard in Resources */ = {isa = PBXBuildFile; fileRef = C7DF872D1BD1A9ED00EBC0F0 /* Main.storyboard */; };
		C7DF87311BD1A9ED00EBC0F0 /* Assets.xcassets in Resources */ = {isa = PBXBuildFile; fileRef = C7DF87301BD1A9ED00EBC0F0 /* Assets.xcassets */; };
		C7DF87341BD1A9ED00EBC0F0 /* LaunchScreen.storyboard in Resources */ = {isa = PBXBuildFile; fileRef = C7DF87321BD1A9ED00EBC0F0 /* LaunchScreen.storyboard */; };
		E4C680A71BEAB48A0054D62A /* CoreLocation.framework in Frameworks */ = {isa = PBXBuildFile; fileRef = E4C680A61BEAB48A0054D62A /* CoreLocation.framework */; };
/* End PBXBuildFile section */

/* Begin PBXFileReference section */
		C7182D341BD47D3400D7A9A1 /* FavoriteSongsViewController.swift */ = {isa = PBXFileReference; fileEncoding = 4; lastKnownFileType = sourcecode.swift; path = FavoriteSongsViewController.swift; sourceTree = "<group>"; };
		C72012481BDDA03800DA3DD0 /* AVFoundation.framework */ = {isa = PBXFileReference; lastKnownFileType = wrapper.framework; name = AVFoundation.framework; path = System/Library/Frameworks/AVFoundation.framework; sourceTree = SDKROOT; };
		C720124A1BDDA11200DA3DD0 /* RadioStream.swift */ = {isa = PBXFileReference; fileEncoding = 4; lastKnownFileType = sourcecode.swift; path = RadioStream.swift; sourceTree = "<group>"; };
		C7DF87261BD1A9ED00EBC0F0 /* WXTJRadio.app */ = {isa = PBXFileReference; explicitFileType = wrapper.application; includeInIndex = 0; path = WXTJRadio.app; sourceTree = BUILT_PRODUCTS_DIR; };
		C7DF87291BD1A9ED00EBC0F0 /* AppDelegate.swift */ = {isa = PBXFileReference; lastKnownFileType = sourcecode.swift; path = AppDelegate.swift; sourceTree = "<group>"; };
		C7DF872B1BD1A9ED00EBC0F0 /* ViewController.swift */ = {isa = PBXFileReference; lastKnownFileType = sourcecode.swift; path = ViewController.swift; sourceTree = "<group>"; };
		C7DF872E1BD1A9ED00EBC0F0 /* Base */ = {isa = PBXFileReference; lastKnownFileType = file.storyboard; name = Base; path = Base.lproj/Main.storyboard; sourceTree = "<group>"; };
		C7DF87301BD1A9ED00EBC0F0 /* Assets.xcassets */ = {isa = PBXFileReference; lastKnownFileType = folder.assetcatalog; path = Assets.xcassets; sourceTree = "<group>"; };
		C7DF87331BD1A9ED00EBC0F0 /* Base */ = {isa = PBXFileReference; lastKnownFileType = file.storyboard; name = Base; path = Base.lproj/LaunchScreen.storyboard; sourceTree = "<group>"; };
		C7DF87351BD1A9ED00EBC0F0 /* Info.plist */ = {isa = PBXFileReference; lastKnownFileType = text.plist.xml; path = Info.plist; sourceTree = "<group>"; };
		E4C680A61BEAB48A0054D62A /* CoreLocation.framework */ = {isa = PBXFileReference; lastKnownFileType = wrapper.framework; name = CoreLocation.framework; path = System/Library/Frameworks/CoreLocation.framework; sourceTree = SDKROOT; };
/* End PBXFileReference section */

/* Begin PBXFrameworksBuildPhase section */
		C7DF87231BD1A9EC00EBC0F0 /* Frameworks */ = {
			isa = PBXFrameworksBuildPhase;
			buildActionMask = 2147483647;
			files = (
				E4C680A71BEAB48A0054D62A /* CoreLocation.framework in Frameworks */,
				C72012491BDDA03800DA3DD0 /* AVFoundation.framework in Frameworks */,
			);
			runOnlyForDeploymentPostprocessing = 0;
		};
/* End PBXFrameworksBuildPhase section */

/* Begin PBXGroup section */
		C7DF871D1BD1A9EC00EBC0F0 = {
			isa = PBXGroup;
			children = (
				E4C680A61BEAB48A0054D62A /* CoreLocation.framework */,
				C72012481BDDA03800DA3DD0 /* AVFoundation.framework */,
				C7DF87281BD1A9ED00EBC0F0 /* WXTJRadio */,
				C7DF87271BD1A9ED00EBC0F0 /* Products */,
			);
			sourceTree = "<group>";
		};
		C7DF87271BD1A9ED00EBC0F0 /* Products */ = {
			isa = PBXGroup;
			children = (
				C7DF87261BD1A9ED00EBC0F0 /* WXTJRadio.app */,
			);
			name = Products;
			sourceTree = "<group>";
		};
		C7DF87281BD1A9ED00EBC0F0 /* WXTJRadio */ = {
			isa = PBXGroup;
			children = (
				C7DF87291BD1A9ED00EBC0F0 /* AppDelegate.swift */,
				C7DF872B1BD1A9ED00EBC0F0 /* ViewController.swift */,
				C7182D341BD47D3400D7A9A1 /* FavoriteSongsViewController.swift */,
				C7DF872D1BD1A9ED00EBC0F0 /* Main.storyboard */,
				C720124A1BDDA11200DA3DD0 /* RadioStream.swift */,
				C7DF87301BD1A9ED00EBC0F0 /* Assets.xcassets */,
				C7DF87321BD1A9ED00EBC0F0 /* LaunchScreen.storyboard */,
				C7DF87351BD1A9ED00EBC0F0 /* Info.plist */,
			);
			path = WXTJRadio;
			sourceTree = "<group>";
		};
/* End PBXGroup section */

/* Begin PBXNativeTarget section */
		C7DF87251BD1A9EC00EBC0F0 /* WXTJRadio */ = {
			isa = PBXNativeTarget;
			buildConfigurationList = C7DF87381BD1A9ED00EBC0F0 /* Build configuration list for PBXNativeTarget "WXTJRadio" */;
			buildPhases = (
				C7DF87221BD1A9EC00EBC0F0 /* Sources */,
				C7DF87231BD1A9EC00EBC0F0 /* Frameworks */,
				C7DF87241BD1A9EC00EBC0F0 /* Resources */,
			);
			buildRules = (
			);
			dependencies = (
			);
			name = WXTJRadio;
			productName = WXTJRadio;
			productReference = C7DF87261BD1A9ED00EBC0F0 /* WXTJRadio.app */;
			productType = "com.apple.product-type.application";
		};
/* End PBXNativeTarget section */

/* Begin PBXProject section */
		C7DF871E1BD1A9EC00EBC0F0 /* Project object */ = {
			isa = PBXProject;
			attributes = {
				LastUpgradeCheck = 0700;
				ORGANIZATIONNAME = "University of Virginia";
				TargetAttributes = {
					C7DF87251BD1A9EC00EBC0F0 = {
						CreatedOnToolsVersion = 7.0.1;
						DevelopmentTeam = 2SG82LE27S;
					};
				};
			};
			buildConfigurationList = C7DF87211BD1A9EC00EBC0F0 /* Build configuration list for PBXProject "WXTJRadio" */;
			compatibilityVersion = "Xcode 3.2";
			developmentRegion = English;
			hasScannedForEncodings = 0;
			knownRegions = (
				en,
				Base,
			);
			mainGroup = C7DF871D1BD1A9EC00EBC0F0;
			productRefGroup = C7DF87271BD1A9ED00EBC0F0 /* Products */;
			projectDirPath = "";
			projectRoot = "";
			targets = (
				C7DF87251BD1A9EC00EBC0F0 /* WXTJRadio */,
			);
		};
/* End PBXProject section */

/* Begin PBXResourcesBuildPhase section */
		C7DF87241BD1A9EC00EBC0F0 /* Resources */ = {
			isa = PBXResourcesBuildPhase;
			buildActionMask = 2147483647;
			files = (
				C7DF87341BD1A9ED00EBC0F0 /* LaunchScreen.storyboard in Resources */,
				C7DF87311BD1A9ED00EBC0F0 /* Assets.xcassets in Resources */,
				C7DF872F1BD1A9ED00EBC0F0 /* Main.storyboard in Resources */,
			);
			runOnlyForDeploymentPostprocessing = 0;
		};
/* End PBXResourcesBuildPhase section */

/* Begin PBXSourcesBuildPhase section */
		C7DF87221BD1A9EC00EBC0F0 /* Sources */ = {
			isa = PBXSourcesBuildPhase;
			buildActionMask = 2147483647;
			files = (
				C7182D351BD47D3400D7A9A1 /* FavoriteSongsViewController.swift in Sources */,
				C7DF872C1BD1A9ED00EBC0F0 /* ViewController.swift in Sources */,
				C7DF872A1BD1A9ED00EBC0F0 /* AppDelegate.swift in Sources */,
				C720124B1BDDA11200DA3DD0 /* RadioStream.swift in Sources */,
			);
			runOnlyForDeploymentPostprocessing = 0;
		};
/* End PBXSourcesBuildPhase section */

/* Begin PBXVariantGroup section */
		C7DF872D1BD1A9ED00EBC0F0 /* Main.storyboard */ = {
			isa = PBXVariantGroup;
			children = (
				C7DF872E1BD1A9ED00EBC0F0 /* Base */,
			);
			name = Main.storyboard;
			sourceTree = "<group>";
		};
		C7DF87321BD1A9ED00EBC0F0 /* LaunchScreen.storyboard */ = {
			isa = PBXVariantGroup;
			children = (
				C7DF87331BD1A9ED00EBC0F0 /* Base */,
			);
			name = LaunchScreen.storyboard;
			sourceTree = "<group>";
		};
/* End PBXVariantGroup section */

/* Begin XCBuildConfiguration section */
		C7DF87361BD1A9ED00EBC0F0 /* Debug */ = {
			isa = XCBuildConfiguration;
			buildSettings = {
				ALWAYS_SEARCH_USER_PATHS = NO;
				CLANG_CXX_LANGUAGE_STANDARD = "gnu++0x";
				CLANG_CXX_LIBRARY = "libc++";
				CLANG_ENABLE_MODULES = YES;
				CLANG_ENABLE_OBJC_ARC = YES;
				CLANG_WARN_BOOL_CONVERSION = YES;
				CLANG_WARN_CONSTANT_CONVERSION = YES;
				CLANG_WARN_DIRECT_OBJC_ISA_USAGE = YES_ERROR;
				CLANG_WARN_EMPTY_BODY = YES;
				CLANG_WARN_ENUM_CONVERSION = YES;
				CLANG_WARN_INT_CONVERSION = YES;
				CLANG_WARN_OBJC_ROOT_CLASS = YES_ERROR;
				CLANG_WARN_UNREACHABLE_CODE = YES;
				CLANG_WARN__DUPLICATE_METHOD_MATCH = YES;
				"CODE_SIGN_IDENTITY[sdk=iphoneos*]" = "iPhone Developer";
				COPY_PHASE_STRIP = NO;
				DEBUG_INFORMATION_FORMAT = dwarf;
				ENABLE_STRICT_OBJC_MSGSEND = YES;
				ENABLE_TESTABILITY = YES;
				GCC_C_LANGUAGE_STANDARD = gnu99;
				GCC_DYNAMIC_NO_PIC = NO;
				GCC_NO_COMMON_BLOCKS = YES;
				GCC_OPTIMIZATION_LEVEL = 0;
				GCC_PREPROCESSOR_DEFINITIONS = (
					"DEBUG=1",
					"$(inherited)",
				);
				GCC_WARN_64_TO_32_BIT_CONVERSION = YES;
				GCC_WARN_ABOUT_RETURN_TYPE = YES_ERROR;
				GCC_WARN_UNDECLARED_SELECTOR = YES;
				GCC_WARN_UNINITIALIZED_AUTOS = YES_AGGRESSIVE;
				GCC_WARN_UNUSED_FUNCTION = YES;
				GCC_WARN_UNUSED_VARIABLE = YES;
				IPHONEOS_DEPLOYMENT_TARGET = 9.0;
				MTL_ENABLE_DEBUG_INFO = YES;
				ONLY_ACTIVE_ARCH = YES;
				SDKROOT = iphoneos;
				SWIFT_OPTIMIZATION_LEVEL = "-Onone";
			};
			name = Debug;
		};
		C7DF87371BD1A9ED00EBC0F0 /* Release */ = {
			isa = XCBuildConfiguration;
			buildSettings = {
				ALWAYS_SEARCH_USER_PATHS = NO;
				CLANG_CXX_LANGUAGE_STANDARD = "gnu++0x";
				CLANG_CXX_LIBRARY = "libc++";
				CLANG_ENABLE_MODULES = YES;
				CLANG_ENABLE_OBJC_ARC = YES;
				CLANG_WARN_BOOL_CONVERSION = YES;
				CLANG_WARN_CONSTANT_CONVERSION = YES;
				CLANG_WARN_DIRECT_OBJC_ISA_USAGE = YES_ERROR;
				CLANG_WARN_EMPTY_BODY = YES;
				CLANG_WARN_ENUM_CONVERSION = YES;
				CLANG_WARN_INT_CONVERSION = YES;
				CLANG_WARN_OBJC_ROOT_CLASS = YES_ERROR;
				CLANG_WARN_UNREACHABLE_CODE = YES;
				CLANG_WARN__DUPLICATE_METHOD_MATCH = YES;
				"CODE_SIGN_IDENTITY[sdk=iphoneos*]" = "iPhone Developer";
				COPY_PHASE_STRIP = NO;
				DEBUG_INFORMATION_FORMAT = "dwarf-with-dsym";
				ENABLE_NS_ASSERTIONS = NO;
				ENABLE_STRICT_OBJC_MSGSEND = YES;
				GCC_C_LANGUAGE_STANDARD = gnu99;
				GCC_NO_COMMON_BLOCKS = YES;
				GCC_WARN_64_TO_32_BIT_CONVERSION = YES;
				GCC_WARN_ABOUT_RETURN_TYPE = YES_ERROR;
				GCC_WARN_UNDECLARED_SELECTOR = YES;
				GCC_WARN_UNINITIALIZED_AUTOS = YES_AGGRESSIVE;
				GCC_WARN_UNUSED_FUNCTION = YES;
				GCC_WARN_UNUSED_VARIABLE = YES;
				IPHONEOS_DEPLOYMENT_TARGET = 9.0;
				MTL_ENABLE_DEBUG_INFO = NO;
				SDKROOT = iphoneos;
				VALIDATE_PRODUCT = YES;
			};
			name = Release;
		};
		C7DF87391BD1A9ED00EBC0F0 /* Debug */ = {
			isa = XCBuildConfiguration;
			buildSettings = {
				ASSETCATALOG_COMPILER_APPICON_NAME = AppIcon;
				CODE_SIGN_IDENTITY = "iPhone Developer";
				"CODE_SIGN_IDENTITY[sdk=iphoneos*]" = "iPhone Developer";
				INFOPLIST_FILE = WXTJRadio/Info.plist;
				LD_RUNPATH_SEARCH_PATHS = "$(inherited) @executable_path/Frameworks";
				PRODUCT_BUNDLE_IDENTIFIER = cs.virginia.edu.WXTJRadioMatt;
				PRODUCT_NAME = "$(TARGET_NAME)";
				PROVISIONING_PROFILE = "";
			};
			name = Debug;
		};
		C7DF873A1BD1A9ED00EBC0F0 /* Release */ = {
			isa = XCBuildConfiguration;
			buildSettings = {
				ASSETCATALOG_COMPILER_APPICON_NAME = AppIcon;
				CODE_SIGN_IDENTITY = "iPhone Developer";
				"CODE_SIGN_IDENTITY[sdk=iphoneos*]" = "iPhone Developer";
				INFOPLIST_FILE = WXTJRadio/Info.plist;
				LD_RUNPATH_SEARCH_PATHS = "$(inherited) @executable_path/Frameworks";
				PRODUCT_BUNDLE_IDENTIFIER = cs.virginia.edu.WXTJRadioMatt;
				PRODUCT_NAME = "$(TARGET_NAME)";
				PROVISIONING_PROFILE = "";
			};
			name = Release;
		};
/* End XCBuildConfiguration section */

/* Begin XCConfigurationList section */
		C7DF87211BD1A9EC00EBC0F0 /* Build configuration list for PBXProject "WXTJRadio" */ = {
			isa = XCConfigurationList;
			buildConfigurations = (
				C7DF87361BD1A9ED00EBC0F0 /* Debug */,
				C7DF87371BD1A9ED00EBC0F0 /* Release */,
			);
			defaultConfigurationIsVisible = 0;
			defaultConfigurationName = Release;
		};
		C7DF87381BD1A9ED00EBC0F0 /* Build configuration list for PBXNativeTarget "WXTJRadio" */ = {
			isa = XCConfigurationList;
			buildConfigurations = (
				C7DF87391BD1A9ED00EBC0F0 /* Debug */,
				C7DF873A1BD1A9ED00EBC0F0 /* Release */,
			);
			defaultConfigurationIsVisible = 0;
			defaultConfigurationName = Release;
		};
/* End XCConfigurationList section */
	};
	rootObject = C7DF871E1BD1A9EC00EBC0F0 /* Project object */;
}
